
Microsoft Visual Studio Solution File, Format Version 12.00
# Visual Studio Version 17
VisualStudioVersion = 17.0.31903.59
MinimumVisualStudioVersion = 10.0.40219.1
Project("{9A19103F-16F7-4668-BE54-9A1E7A4F7556}") = "DocumentFlow", "DocumentFlow\DocumentFlow.csproj", "{C3958438-B97B-4BB7-BCC3-5CD310DC967D}"
EndProject
Project("{840C416C-B8F3-42BC-B0DD-F6BB14C9F8CB}") = "DocumentFlow.Setup", "DocumentFlow.Setup\DocumentFlow.Setup.aiproj", "{44AD6ED4-63CE-4A63-AB67-53445B168CBA}"
EndProject
Project("{9A19103F-16F7-4668-BE54-9A1E7A4F7556}") = "FastReport.OpenSource", "..\FastReport\FastReport.OpenSource\FastReport.OpenSource.csproj", "{9F9E2FD0-5C24-48DA-9DC1-DB564A27D5BB}"
EndProject
Project("{9A19103F-16F7-4668-BE54-9A1E7A4F7556}") = "FastReport.OpenSource.Data.Postgres", "..\FastReport\Extras\Core\FastReport.Data\FastReport.Data.Postgres\FastReport.OpenSource.Data.Postgres.csproj", "{2B2E3916-DC25-474B-9937-81511E68C401}"
EndProject
Project("{9A19103F-16F7-4668-BE54-9A1E7A4F7556}") = "DocumentFlow.Export", "DocumentFlow.Export\DocumentFlow.Export.csproj", "{FA4B91D4-AE76-4D28-8A46-47758FF22333}"
EndProject
Project("{9A19103F-16F7-4668-BE54-9A1E7A4F7556}") = "DocumentFlow.ReportExport", "DocumentFlow.ReportExport\DocumentFlow.ReportExport.csproj", "{6E1E21E0-5298-44BB-8B56-CDF340014D26}"
EndProject
Project("{9A19103F-16F7-4668-BE54-9A1E7A4F7556}") = "DocumentFlow.Infrastructure", "DocumentFlow.Infrastructure\DocumentFlow.Infrastructure.csproj", "{001C9730-61DC-42BB-ADA7-16CD55F19682}"
EndProject
Project("{9A19103F-16F7-4668-BE54-9A1E7A4F7556}") = "DocumentFlow.Core", "DocumentFlow.Core\DocumentFlow.Core.csproj", "{190ED485-0F49-4651-B468-6ED4C04C651A}"
EndProject
Global
	GlobalSection(SolutionConfigurationPlatforms) = preSolution
		All|Any CPU = All|Any CPU
		All|x64 = All|x64
		Debug|Any CPU = Debug|Any CPU
		Debug|x64 = Debug|x64
		Release|Any CPU = Release|Any CPU
		Release|x64 = Release|x64
	EndGlobalSection
	GlobalSection(ProjectConfigurationPlatforms) = postSolution
		{C3958438-B97B-4BB7-BCC3-5CD310DC967D}.All|Any CPU.ActiveCfg = Release|Any CPU
		{C3958438-B97B-4BB7-BCC3-5CD310DC967D}.All|Any CPU.Build.0 = Release|Any CPU
		{C3958438-B97B-4BB7-BCC3-5CD310DC967D}.All|x64.ActiveCfg = Debug|Any CPU
		{C3958438-B97B-4BB7-BCC3-5CD310DC967D}.All|x64.Build.0 = Debug|Any CPU
		{C3958438-B97B-4BB7-BCC3-5CD310DC967D}.Debug|Any CPU.ActiveCfg = Debug|Any CPU
		{C3958438-B97B-4BB7-BCC3-5CD310DC967D}.Debug|Any CPU.Build.0 = Debug|Any CPU
		{C3958438-B97B-4BB7-BCC3-5CD310DC967D}.Debug|x64.ActiveCfg = Debug|x64
		{C3958438-B97B-4BB7-BCC3-5CD310DC967D}.Debug|x64.Build.0 = Debug|x64
		{C3958438-B97B-4BB7-BCC3-5CD310DC967D}.Release|Any CPU.ActiveCfg = Release|Any CPU
		{C3958438-B97B-4BB7-BCC3-5CD310DC967D}.Release|Any CPU.Build.0 = Release|Any CPU
		{C3958438-B97B-4BB7-BCC3-5CD310DC967D}.Release|x64.ActiveCfg = Release|x64
		{C3958438-B97B-4BB7-BCC3-5CD310DC967D}.Release|x64.Build.0 = Release|x64
		{44AD6ED4-63CE-4A63-AB67-53445B168CBA}.All|Any CPU.ActiveCfg = DefaultBuild
		{44AD6ED4-63CE-4A63-AB67-53445B168CBA}.All|x64.ActiveCfg = DefaultBuild
		{44AD6ED4-63CE-4A63-AB67-53445B168CBA}.Debug|Any CPU.ActiveCfg = DefaultBuild
		{44AD6ED4-63CE-4A63-AB67-53445B168CBA}.Debug|Any CPU.Build.0 = DefaultBuild
		{44AD6ED4-63CE-4A63-AB67-53445B168CBA}.Debug|x64.ActiveCfg = DefaultBuild
		{44AD6ED4-63CE-4A63-AB67-53445B168CBA}.Release|Any CPU.ActiveCfg = DefaultBuild
		{44AD6ED4-63CE-4A63-AB67-53445B168CBA}.Release|x64.ActiveCfg = DefaultBuild
		{9F9E2FD0-5C24-48DA-9DC1-DB564A27D5BB}.All|Any CPU.ActiveCfg = Debug|Any CPU
		{9F9E2FD0-5C24-48DA-9DC1-DB564A27D5BB}.All|Any CPU.Build.0 = Debug|Any CPU
		{9F9E2FD0-5C24-48DA-9DC1-DB564A27D5BB}.All|x64.ActiveCfg = Release|Any CPU
		{9F9E2FD0-5C24-48DA-9DC1-DB564A27D5BB}.All|x64.Build.0 = Release|Any CPU
		{9F9E2FD0-5C24-48DA-9DC1-DB564A27D5BB}.Debug|Any CPU.ActiveCfg = Debug|Any CPU
		{9F9E2FD0-5C24-48DA-9DC1-DB564A27D5BB}.Debug|Any CPU.Build.0 = Debug|Any CPU
		{9F9E2FD0-5C24-48DA-9DC1-DB564A27D5BB}.Debug|x64.ActiveCfg = Debug|x64
		{9F9E2FD0-5C24-48DA-9DC1-DB564A27D5BB}.Debug|x64.Build.0 = Debug|x64
		{9F9E2FD0-5C24-48DA-9DC1-DB564A27D5BB}.Release|Any CPU.ActiveCfg = Release|Any CPU
		{9F9E2FD0-5C24-48DA-9DC1-DB564A27D5BB}.Release|Any CPU.Build.0 = Release|Any CPU
		{9F9E2FD0-5C24-48DA-9DC1-DB564A27D5BB}.Release|x64.ActiveCfg = Release|x64
		{9F9E2FD0-5C24-48DA-9DC1-DB564A27D5BB}.Release|x64.Build.0 = Release|x64
		{2B2E3916-DC25-474B-9937-81511E68C401}.All|Any CPU.ActiveCfg = Debug|Any CPU
		{2B2E3916-DC25-474B-9937-81511E68C401}.All|Any CPU.Build.0 = Debug|Any CPU
		{2B2E3916-DC25-474B-9937-81511E68C401}.All|x64.ActiveCfg = Release|Any CPU
		{2B2E3916-DC25-474B-9937-81511E68C401}.All|x64.Build.0 = Release|Any CPU
		{2B2E3916-DC25-474B-9937-81511E68C401}.Debug|Any CPU.ActiveCfg = Debug|Any CPU
		{2B2E3916-DC25-474B-9937-81511E68C401}.Debug|Any CPU.Build.0 = Debug|Any CPU
		{2B2E3916-DC25-474B-9937-81511E68C401}.Debug|x64.ActiveCfg = Debug|x64
		{2B2E3916-DC25-474B-9937-81511E68C401}.Debug|x64.Build.0 = Debug|x64
		{2B2E3916-DC25-474B-9937-81511E68C401}.Release|Any CPU.ActiveCfg = Release|Any CPU
		{2B2E3916-DC25-474B-9937-81511E68C401}.Release|Any CPU.Build.0 = Release|Any CPU
		{2B2E3916-DC25-474B-9937-81511E68C401}.Release|x64.ActiveCfg = Release|x64
		{2B2E3916-DC25-474B-9937-81511E68C401}.Release|x64.Build.0 = Release|x64
		{FA4B91D4-AE76-4D28-8A46-47758FF22333}.All|Any CPU.ActiveCfg = Debug|Any CPU
		{FA4B91D4-AE76-4D28-8A46-47758FF22333}.All|Any CPU.Build.0 = Debug|Any CPU
		{FA4B91D4-AE76-4D28-8A46-47758FF22333}.All|x64.ActiveCfg = Release|Any CPU
		{FA4B91D4-AE76-4D28-8A46-47758FF22333}.All|x64.Build.0 = Release|Any CPU
		{FA4B91D4-AE76-4D28-8A46-47758FF22333}.Debug|Any CPU.ActiveCfg = Debug|Any CPU
		{FA4B91D4-AE76-4D28-8A46-47758FF22333}.Debug|Any CPU.Build.0 = Debug|Any CPU
		{FA4B91D4-AE76-4D28-8A46-47758FF22333}.Debug|x64.ActiveCfg = Debug|x64
		{FA4B91D4-AE76-4D28-8A46-47758FF22333}.Debug|x64.Build.0 = Debug|x64
		{FA4B91D4-AE76-4D28-8A46-47758FF22333}.Release|Any CPU.ActiveCfg = Release|Any CPU
		{FA4B91D4-AE76-4D28-8A46-47758FF22333}.Release|Any CPU.Build.0 = Release|Any CPU
		{FA4B91D4-AE76-4D28-8A46-47758FF22333}.Release|x64.ActiveCfg = Release|x64
		{FA4B91D4-AE76-4D28-8A46-47758FF22333}.Release|x64.Build.0 = Release|x64
		{6E1E21E0-5298-44BB-8B56-CDF340014D26}.All|Any CPU.ActiveCfg = Debug|Any CPU
		{6E1E21E0-5298-44BB-8B56-CDF340014D26}.All|Any CPU.Build.0 = Debug|Any CPU
		{6E1E21E0-5298-44BB-8B56-CDF340014D26}.All|x64.ActiveCfg = Release|Any CPU
		{6E1E21E0-5298-44BB-8B56-CDF340014D26}.All|x64.Build.0 = Release|Any CPU
		{6E1E21E0-5298-44BB-8B56-CDF340014D26}.Debug|Any CPU.ActiveCfg = Debug|Any CPU
		{6E1E21E0-5298-44BB-8B56-CDF340014D26}.Debug|Any CPU.Build.0 = Debug|Any CPU
		{6E1E21E0-5298-44BB-8B56-CDF340014D26}.Debug|x64.ActiveCfg = Debug|x64
		{6E1E21E0-5298-44BB-8B56-CDF340014D26}.Debug|x64.Build.0 = Debug|x64
		{6E1E21E0-5298-44BB-8B56-CDF340014D26}.Release|Any CPU.ActiveCfg = Release|Any CPU
		{6E1E21E0-5298-44BB-8B56-CDF340014D26}.Release|Any CPU.Build.0 = Release|Any CPU
		{6E1E21E0-5298-44BB-8B56-CDF340014D26}.Release|x64.ActiveCfg = Release|x64
		{6E1E21E0-5298-44BB-8B56-CDF340014D26}.Release|x64.Build.0 = Release|x64
		{001C9730-61DC-42BB-ADA7-16CD55F19682}.All|Any CPU.ActiveCfg = Debug|Any CPU
		{001C9730-61DC-42BB-ADA7-16CD55F19682}.All|Any CPU.Build.0 = Debug|Any CPU
		{001C9730-61DC-42BB-ADA7-16CD55F19682}.All|x64.ActiveCfg = Debug|Any CPU
		{001C9730-61DC-42BB-ADA7-16CD55F19682}.All|x64.Build.0 = Debug|Any CPU
		{001C9730-61DC-42BB-ADA7-16CD55F19682}.Debug|Any CPU.ActiveCfg = Debug|Any CPU
		{001C9730-61DC-42BB-ADA7-16CD55F19682}.Debug|Any CPU.Build.0 = Debug|Any CPU
		{001C9730-61DC-42BB-ADA7-16CD55F19682}.Debug|x64.ActiveCfg = Debug|x64
		{001C9730-61DC-42BB-ADA7-16CD55F19682}.Debug|x64.Build.0 = Debug|x64
		{001C9730-61DC-42BB-ADA7-16CD55F19682}.Release|Any CPU.ActiveCfg = Release|Any CPU
		{001C9730-61DC-42BB-ADA7-16CD55F19682}.Release|Any CPU.Build.0 = Release|Any CPU
		{001C9730-61DC-42BB-ADA7-16CD55F19682}.Release|x64.ActiveCfg = Release|x64
		{001C9730-61DC-42BB-ADA7-16CD55F19682}.Release|x64.Build.0 = Release|x64
		{190ED485-0F49-4651-B468-6ED4C04C651A}.All|Any CPU.ActiveCfg = Debug|Any CPU
		{190ED485-0F49-4651-B468-6ED4C04C651A}.All|Any CPU.Build.0 = Debug|Any CPU
		{190ED485-0F49-4651-B468-6ED4C04C651A}.All|x64.ActiveCfg = Debug|Any CPU
		{190ED485-0F49-4651-B468-6ED4C04C651A}.All|x64.Build.0 = Debug|Any CPU
		{190ED485-0F49-4651-B468-6ED4C04C651A}.Debug|Any CPU.ActiveCfg = Debug|Any CPU
		{190ED485-0F49-4651-B468-6ED4C04C651A}.Debug|Any CPU.Build.0 = Debug|Any CPU
		{190ED485-0F49-4651-B468-6ED4C04C651A}.Debug|x64.ActiveCfg = Debug|x64
		{190ED485-0F49-4651-B468-6ED4C04C651A}.Debug|x64.Build.0 = Debug|x64
		{190ED485-0F49-4651-B468-6ED4C04C651A}.Release|Any CPU.ActiveCfg = Release|Any CPU
		{190ED485-0F49-4651-B468-6ED4C04C651A}.Release|Any CPU.Build.0 = Release|Any CPU
		{190ED485-0F49-4651-B468-6ED4C04C651A}.Release|x64.ActiveCfg = Release|Any CPU
		{190ED485-0F49-4651-B468-6ED4C04C651A}.Release|x64.Build.0 = Release|Any CPU
	EndGlobalSection
	GlobalSection(SolutionProperties) = preSolution
		HideSolutionNode = FALSE
	EndGlobalSection
	GlobalSection(ExtensibilityGlobals) = postSolution
		SolutionGuid = {72207205-ED27-41A2-A9FD-3415C4E6C01F}
	EndGlobalSection
EndGlobal
