
Microsoft Visual Studio Solution File, Format Version 12.00
# Visual Studio Version 16
VisualStudioVersion = 16.0.30503.244
MinimumVisualStudioVersion = 10.0.40219.1
Project("{FAE04EC0-301F-11D3-BF4B-00C04F79EFBC}") = "DocumentFlow", "DocumentFlow\DocumentFlow.csproj", "{A723A05D-23E9-4C08-ABD0-98BEBB2D253E}"
EndProject
Project("{FAE04EC0-301F-11D3-BF4B-00C04F79EFBC}") = "DocumentFlow.Authorization", "DocumentFlow.Authorization\DocumentFlow.Authorization.csproj", "{315DE671-40C1-404C-B81C-A9764C599A38}"
EndProject
Project("{FAE04EC0-301F-11D3-BF4B-00C04F79EFBC}") = "DocumentFlow.Controls", "DocumentFlow.Controls\DocumentFlow.Controls.csproj", "{6B2498A8-0161-4C4B-8813-AF5EF79600FB}"
EndProject
Project("{FAE04EC0-301F-11D3-BF4B-00C04F79EFBC}") = "DocumentFlow.Code", "DocumentFlow.Code\DocumentFlow.Code.csproj", "{1E6AD92B-9BCB-4CDF-A646-AF0CE209F0F4}"
EndProject
Project("{FAE04EC0-301F-11D3-BF4B-00C04F79EFBC}") = "DocumentFlow.Code.Implementation", "DocumentFlow.Code.Implementation\DocumentFlow.Code.Implementation.csproj", "{56442BA4-C339-4DF8-B669-E41A32278B97}"
EndProject
Project("{FAE04EC0-301F-11D3-BF4B-00C04F79EFBC}") = "DocumentFlow.Core", "DocumentFlow.Core\DocumentFlow.Core.csproj", "{ACCA0BA9-E646-44F2-BCEC-FE269A109983}"
EndProject
Project("{FAE04EC0-301F-11D3-BF4B-00C04F79EFBC}") = "DocumentFlow.Data.Entities", "DocumentFlow.Data.Entities\DocumentFlow.Data.Entities.csproj", "{B93432C6-6884-46D2-BA9D-7A33BF687374}"
EndProject
Project("{FAE04EC0-301F-11D3-BF4B-00C04F79EFBC}") = "DocumentFlow.Data", "DocumentFlow.Data\DocumentFlow.Data.csproj", "{860413CF-8D35-4CC6-80CA-A4B54CA9E778}"
EndProject
Project("{2150E333-8FDC-42A3-9474-1A3956D46DE8}") = "Solution Items", "Solution Items", "{41081CC5-56F8-4F62-BB06-532782ACB0E1}"
	ProjectSection(SolutionItems) = preProject
		.editorconfig = .editorconfig
	EndProjectSection
EndProject
Project("{FAE04EC0-301F-11D3-BF4B-00C04F79EFBC}") = "Test1C", "Test1C\Test1C.csproj", "{54D30509-28D9-4C5B-82B9-358ADA852C90}"
EndProject
Project("{FAE04EC0-301F-11D3-BF4B-00C04F79EFBC}") = "DocumentFlow.Data.Core", "DocumentFlow.Data.Core\DocumentFlow.Data.Core.csproj", "{9B748542-B33A-40C9-A589-E2C2D9644DD0}"
EndProject
Project("{FAE04EC0-301F-11D3-BF4B-00C04F79EFBC}") = "TestCSharpCompilation", "TestCSharpCompilation\TestCSharpCompilation.csproj", "{1DC092FA-67B3-4C57-9B37-09AAECE9FDF4}"
EndProject
Global
	GlobalSection(SolutionConfigurationPlatforms) = preSolution
		Debug|Any CPU = Debug|Any CPU
		Debug|x86 = Debug|x86
		Release|Any CPU = Release|Any CPU
		Release|x86 = Release|x86
	EndGlobalSection
	GlobalSection(ProjectConfigurationPlatforms) = postSolution
		{A723A05D-23E9-4C08-ABD0-98BEBB2D253E}.Debug|Any CPU.ActiveCfg = Debug|Any CPU
		{A723A05D-23E9-4C08-ABD0-98BEBB2D253E}.Debug|Any CPU.Build.0 = Debug|Any CPU
		{A723A05D-23E9-4C08-ABD0-98BEBB2D253E}.Debug|x86.ActiveCfg = Debug|Any CPU
		{A723A05D-23E9-4C08-ABD0-98BEBB2D253E}.Debug|x86.Build.0 = Debug|Any CPU
		{A723A05D-23E9-4C08-ABD0-98BEBB2D253E}.Release|Any CPU.ActiveCfg = Release|Any CPU
		{A723A05D-23E9-4C08-ABD0-98BEBB2D253E}.Release|Any CPU.Build.0 = Release|Any CPU
		{A723A05D-23E9-4C08-ABD0-98BEBB2D253E}.Release|x86.ActiveCfg = Release|Any CPU
		{A723A05D-23E9-4C08-ABD0-98BEBB2D253E}.Release|x86.Build.0 = Release|Any CPU
		{315DE671-40C1-404C-B81C-A9764C599A38}.Debug|Any CPU.ActiveCfg = Debug|Any CPU
		{315DE671-40C1-404C-B81C-A9764C599A38}.Debug|Any CPU.Build.0 = Debug|Any CPU
		{315DE671-40C1-404C-B81C-A9764C599A38}.Debug|x86.ActiveCfg = Debug|Any CPU
		{315DE671-40C1-404C-B81C-A9764C599A38}.Debug|x86.Build.0 = Debug|Any CPU
		{315DE671-40C1-404C-B81C-A9764C599A38}.Release|Any CPU.ActiveCfg = Release|Any CPU
		{315DE671-40C1-404C-B81C-A9764C599A38}.Release|Any CPU.Build.0 = Release|Any CPU
		{315DE671-40C1-404C-B81C-A9764C599A38}.Release|x86.ActiveCfg = Release|Any CPU
		{315DE671-40C1-404C-B81C-A9764C599A38}.Release|x86.Build.0 = Release|Any CPU
		{6B2498A8-0161-4C4B-8813-AF5EF79600FB}.Debug|Any CPU.ActiveCfg = Debug|Any CPU
		{6B2498A8-0161-4C4B-8813-AF5EF79600FB}.Debug|Any CPU.Build.0 = Debug|Any CPU
		{6B2498A8-0161-4C4B-8813-AF5EF79600FB}.Debug|x86.ActiveCfg = Debug|Any CPU
		{6B2498A8-0161-4C4B-8813-AF5EF79600FB}.Debug|x86.Build.0 = Debug|Any CPU
		{6B2498A8-0161-4C4B-8813-AF5EF79600FB}.Release|Any CPU.ActiveCfg = Release|Any CPU
		{6B2498A8-0161-4C4B-8813-AF5EF79600FB}.Release|Any CPU.Build.0 = Release|Any CPU
		{6B2498A8-0161-4C4B-8813-AF5EF79600FB}.Release|x86.ActiveCfg = Release|Any CPU
		{6B2498A8-0161-4C4B-8813-AF5EF79600FB}.Release|x86.Build.0 = Release|Any CPU
		{1E6AD92B-9BCB-4CDF-A646-AF0CE209F0F4}.Debug|Any CPU.ActiveCfg = Debug|Any CPU
		{1E6AD92B-9BCB-4CDF-A646-AF0CE209F0F4}.Debug|Any CPU.Build.0 = Debug|Any CPU
		{1E6AD92B-9BCB-4CDF-A646-AF0CE209F0F4}.Debug|x86.ActiveCfg = Debug|Any CPU
		{1E6AD92B-9BCB-4CDF-A646-AF0CE209F0F4}.Debug|x86.Build.0 = Debug|Any CPU
		{1E6AD92B-9BCB-4CDF-A646-AF0CE209F0F4}.Release|Any CPU.ActiveCfg = Release|Any CPU
		{1E6AD92B-9BCB-4CDF-A646-AF0CE209F0F4}.Release|Any CPU.Build.0 = Release|Any CPU
		{1E6AD92B-9BCB-4CDF-A646-AF0CE209F0F4}.Release|x86.ActiveCfg = Release|Any CPU
		{1E6AD92B-9BCB-4CDF-A646-AF0CE209F0F4}.Release|x86.Build.0 = Release|Any CPU
		{56442BA4-C339-4DF8-B669-E41A32278B97}.Debug|Any CPU.ActiveCfg = Debug|Any CPU
		{56442BA4-C339-4DF8-B669-E41A32278B97}.Debug|Any CPU.Build.0 = Debug|Any CPU
		{56442BA4-C339-4DF8-B669-E41A32278B97}.Debug|x86.ActiveCfg = Debug|Any CPU
		{56442BA4-C339-4DF8-B669-E41A32278B97}.Debug|x86.Build.0 = Debug|Any CPU
		{56442BA4-C339-4DF8-B669-E41A32278B97}.Release|Any CPU.ActiveCfg = Release|Any CPU
		{56442BA4-C339-4DF8-B669-E41A32278B97}.Release|Any CPU.Build.0 = Release|Any CPU
		{56442BA4-C339-4DF8-B669-E41A32278B97}.Release|x86.ActiveCfg = Release|Any CPU
		{56442BA4-C339-4DF8-B669-E41A32278B97}.Release|x86.Build.0 = Release|Any CPU
		{ACCA0BA9-E646-44F2-BCEC-FE269A109983}.Debug|Any CPU.ActiveCfg = Debug|Any CPU
		{ACCA0BA9-E646-44F2-BCEC-FE269A109983}.Debug|Any CPU.Build.0 = Debug|Any CPU
		{ACCA0BA9-E646-44F2-BCEC-FE269A109983}.Debug|x86.ActiveCfg = Debug|Any CPU
		{ACCA0BA9-E646-44F2-BCEC-FE269A109983}.Debug|x86.Build.0 = Debug|Any CPU
		{ACCA0BA9-E646-44F2-BCEC-FE269A109983}.Release|Any CPU.ActiveCfg = Release|Any CPU
		{ACCA0BA9-E646-44F2-BCEC-FE269A109983}.Release|Any CPU.Build.0 = Release|Any CPU
		{ACCA0BA9-E646-44F2-BCEC-FE269A109983}.Release|x86.ActiveCfg = Release|Any CPU
		{ACCA0BA9-E646-44F2-BCEC-FE269A109983}.Release|x86.Build.0 = Release|Any CPU
		{B93432C6-6884-46D2-BA9D-7A33BF687374}.Debug|Any CPU.ActiveCfg = Debug|Any CPU
		{B93432C6-6884-46D2-BA9D-7A33BF687374}.Debug|Any CPU.Build.0 = Debug|Any CPU
		{B93432C6-6884-46D2-BA9D-7A33BF687374}.Debug|x86.ActiveCfg = Debug|Any CPU
		{B93432C6-6884-46D2-BA9D-7A33BF687374}.Debug|x86.Build.0 = Debug|Any CPU
		{B93432C6-6884-46D2-BA9D-7A33BF687374}.Release|Any CPU.ActiveCfg = Release|Any CPU
		{B93432C6-6884-46D2-BA9D-7A33BF687374}.Release|Any CPU.Build.0 = Release|Any CPU
		{B93432C6-6884-46D2-BA9D-7A33BF687374}.Release|x86.ActiveCfg = Release|Any CPU
		{B93432C6-6884-46D2-BA9D-7A33BF687374}.Release|x86.Build.0 = Release|Any CPU
		{860413CF-8D35-4CC6-80CA-A4B54CA9E778}.Debug|Any CPU.ActiveCfg = Debug|Any CPU
		{860413CF-8D35-4CC6-80CA-A4B54CA9E778}.Debug|Any CPU.Build.0 = Debug|Any CPU
		{860413CF-8D35-4CC6-80CA-A4B54CA9E778}.Debug|x86.ActiveCfg = Debug|Any CPU
		{860413CF-8D35-4CC6-80CA-A4B54CA9E778}.Debug|x86.Build.0 = Debug|Any CPU
		{860413CF-8D35-4CC6-80CA-A4B54CA9E778}.Release|Any CPU.ActiveCfg = Release|Any CPU
		{860413CF-8D35-4CC6-80CA-A4B54CA9E778}.Release|Any CPU.Build.0 = Release|Any CPU
		{860413CF-8D35-4CC6-80CA-A4B54CA9E778}.Release|x86.ActiveCfg = Release|Any CPU
		{860413CF-8D35-4CC6-80CA-A4B54CA9E778}.Release|x86.Build.0 = Release|Any CPU
		{54D30509-28D9-4C5B-82B9-358ADA852C90}.Debug|Any CPU.ActiveCfg = Debug|Any CPU
		{54D30509-28D9-4C5B-82B9-358ADA852C90}.Debug|Any CPU.Build.0 = Debug|Any CPU
		{54D30509-28D9-4C5B-82B9-358ADA852C90}.Debug|x86.ActiveCfg = Debug|Any CPU
		{54D30509-28D9-4C5B-82B9-358ADA852C90}.Debug|x86.Build.0 = Debug|Any CPU
		{54D30509-28D9-4C5B-82B9-358ADA852C90}.Release|Any CPU.ActiveCfg = Release|Any CPU
		{54D30509-28D9-4C5B-82B9-358ADA852C90}.Release|Any CPU.Build.0 = Release|Any CPU
		{54D30509-28D9-4C5B-82B9-358ADA852C90}.Release|x86.ActiveCfg = Release|Any CPU
		{54D30509-28D9-4C5B-82B9-358ADA852C90}.Release|x86.Build.0 = Release|Any CPU
		{9B748542-B33A-40C9-A589-E2C2D9644DD0}.Debug|Any CPU.ActiveCfg = Debug|Any CPU
		{9B748542-B33A-40C9-A589-E2C2D9644DD0}.Debug|Any CPU.Build.0 = Debug|Any CPU
		{9B748542-B33A-40C9-A589-E2C2D9644DD0}.Debug|x86.ActiveCfg = Debug|Any CPU
		{9B748542-B33A-40C9-A589-E2C2D9644DD0}.Debug|x86.Build.0 = Debug|Any CPU
		{9B748542-B33A-40C9-A589-E2C2D9644DD0}.Release|Any CPU.ActiveCfg = Release|Any CPU
		{9B748542-B33A-40C9-A589-E2C2D9644DD0}.Release|Any CPU.Build.0 = Release|Any CPU
		{9B748542-B33A-40C9-A589-E2C2D9644DD0}.Release|x86.ActiveCfg = Release|Any CPU
		{9B748542-B33A-40C9-A589-E2C2D9644DD0}.Release|x86.Build.0 = Release|Any CPU
		{1DC092FA-67B3-4C57-9B37-09AAECE9FDF4}.Debug|Any CPU.ActiveCfg = Debug|Any CPU
		{1DC092FA-67B3-4C57-9B37-09AAECE9FDF4}.Debug|Any CPU.Build.0 = Debug|Any CPU
		{1DC092FA-67B3-4C57-9B37-09AAECE9FDF4}.Debug|x86.ActiveCfg = Debug|Any CPU
		{1DC092FA-67B3-4C57-9B37-09AAECE9FDF4}.Debug|x86.Build.0 = Debug|Any CPU
		{1DC092FA-67B3-4C57-9B37-09AAECE9FDF4}.Release|Any CPU.ActiveCfg = Release|Any CPU
		{1DC092FA-67B3-4C57-9B37-09AAECE9FDF4}.Release|Any CPU.Build.0 = Release|Any CPU
		{1DC092FA-67B3-4C57-9B37-09AAECE9FDF4}.Release|x86.ActiveCfg = Release|Any CPU
		{1DC092FA-67B3-4C57-9B37-09AAECE9FDF4}.Release|x86.Build.0 = Release|Any CPU
	EndGlobalSection
	GlobalSection(SolutionProperties) = preSolution
		HideSolutionNode = FALSE
	EndGlobalSection
	GlobalSection(ExtensibilityGlobals) = postSolution
		SolutionGuid = {2C43CD1B-CB32-47EC-AC97-C84FF0C2155F}
	EndGlobalSection
EndGlobal
